<?xml version="1.0" encoding="utf-8"?>
<Project ToolsVersion="4.0" xmlns="http://schemas.microsoft.com/developer/msbuild/2003">
  <ItemGroup>
    <Filter Include="Header">
      <UniqueIdentifier>{caa51f2e-72fb-4ffc-b40d-0760f94b5fcc}</UniqueIdentifier>
    </Filter>
  </ItemGroup>
  <ItemGroup>
    <CudaCompile Include="SnowCuda.cu" />
  </ItemGroup>
  <ItemGroup>
    <ClInclude Include="header\CohesionForce.cuh">
      <Filter>Header</Filter>
    </ClInclude>
    <ClInclude Include="header\Collision.cuh">
      <Filter>Header</Filter>
    </ClInclude>
    <ClInclude Include="header\Common.cuh">
      <Filter>Header</Filter>
    </ClInclude>
    <ClInclude Include="header\Compression.cuh">
      <Filter>Header</Filter>
    </ClInclude>
    <ClInclude Include="header\CountNeighbor.cuh">
      <Filter>Header</Filter>
    </ClInclude>
    <ClInclude Include="header\Friction.cuh">
      <Filter>Header</Filter>
    </ClInclude>
    <ClInclude Include="header\FRNN.cuh">
      <Filter>Header</Filter>
    </ClInclude>
    <ClInclude Include="header\InitParticle.cuh">
      <Filter>Header</Filter>
    </ClInclude>
    <ClInclude Include="header\MoveInteractingCollider.cuh">
      <Filter>Header</Filter>
    </ClInclude>
    <ClInclude Include="header\MoveParticle.cuh">
      <Filter>Header</Filter>
    </ClInclude>
    <ClInclude Include="header\SnowCuda.h">
      <Filter>Header</Filter>
    </ClInclude>
    <ClInclude Include="header\Thermodynamics.cuh">
      <Filter>Header</Filter>
    </ClInclude>
  </ItemGroup>
</Project>